
Microsoft Visual Studio Solution File, Format Version 11.00
# Visual Studio 2010
Project("{FAE04EC0-301F-11D3-BF4B-00C04F79EFBC}") = "IPv6Client", "IPv6Client.csproj", "{BDD37C6E-12F8-4014-A138-5CF6894CF314}"
EndProject
Global
	GlobalSection(SolutionConfigurationPlatforms) = preSolution
		Debug|Any CPU = Debug|Any CPU
		Release|Any CPU = Release|Any CPU
	EndGlobalSection
	GlobalSection(ProjectConfigurationPlatforms) = postSolution
		{BDD37C6E-12F8-4014-A138-5CF6894CF314}.Debug|Any CPU.ActiveCfg = Debug|Any CPU
		{BDD37C6E-12F8-4014-A138-5CF6894CF314}.Debug|Any CPU.Build.0 = Debug|Any CPU
		{BDD37C6E-12F8-4014-A138-5CF6894CF314}.Release|Any CPU.ActiveCfg = Release|Any CPU
		{BDD37C6E-12F8-4014-A138-5CF6894CF314}.Release|Any CPU.Build.0 = Release|Any CPU
	EndGlobalSection
	GlobalSection(SolutionProperties) = preSolution
		HideSolutionNode = FALSE
	EndGlobalSection
EndGlobal
